{
    "version": 3,
    "terraform_version": "0.11.11",
    "serial": 24,
    "lineage": "d3f81004-f978-2a23-beab-14a1d4551df0",
    "modules": [
        {
            "path": [
                "root"
            ],
            "outputs": {
                "Swarm Manager IPs": {
                    "sensitive": false,
                    "type": "list",
                    "value": [
                        "68.183.180.74"
                    ]
                },
                "Swarm Worker IPs": {
                    "sensitive": false,
                    "type": "list",
                    "value": [
                        "68.183.178.91"
                    ]
                }
            },
            "resources": {
                "data.template_file.blog_state": {
                    "type": "template_file",
                    "depends_on": [
                        "digitalocean_droplet.managers",
                        "digitalocean_droplet.managers.*",
                        "digitalocean_droplet.workers",
                        "digitalocean_droplet.workers.*"
                    ],
                    "primary": {
                        "id": "a4bf052519422daef0eed2782d42f5a5e499ff4592cd90ea55a4ca032ffae78b",
                        "attributes": {
                            "id": "a4bf052519422daef0eed2782d42f5a5e499ff4592cd90ea55a4ca032ffae78b",
                            "rendered": "{\r\n    \"managers\": [\"68.183.180.74\"],\r\n    \"workers\": [\"68.183.178.91\"]\r\n}",
                            "template": "{\r\n    \"managers\": [${managers}],\r\n    \"workers\": [${workers}]\r\n}",
                            "vars.%": "2",
                            "vars.managers": "\"68.183.180.74\"",
                            "vars.workers": "\"68.183.178.91\""
                        },
                        "meta": {},
                        "tainted": false
                    },
                    "deposed": [],
                    "provider": "provider.template"
                },
                "data.template_file.inventory": {
                    "type": "template_file",
                    "depends_on": [
                        "digitalocean_droplet.managers",
                        "digitalocean_droplet.managers.*",
                        "digitalocean_droplet.workers",
                        "digitalocean_droplet.workers.*"
                    ],
                    "primary": {
                        "id": "61feb884affc48768284828beff4ca01c2fc216147ef32ece46fff17b64fa377",
                        "attributes": {
                            "id": "61feb884affc48768284828beff4ca01c2fc216147ef32ece46fff17b64fa377",
                            "rendered": "[managers]\r\n68.183.180.74\r\n\r\n[workers]\r\n68.183.178.91",
                            "template": "[managers]\r\n${managers}\r\n\r\n[workers]\r\n${workers}",
                            "vars.%": "2",
                            "vars.managers": "68.183.180.74",
                            "vars.workers": "68.183.178.91"
                        },
                        "meta": {},
                        "tainted": false
                    },
                    "deposed": [],
                    "provider": "provider.template"
                },
                "digitalocean_droplet.managers": {
                    "type": "digitalocean_droplet",
                    "depends_on": [
                        "digitalocean_ssh_key.ssh"
                    ],
                    "primary": {
                        "id": "130879907",
                        "attributes": {
                            "backups": "false",
                            "disk": "50",
                            "id": "130879907",
                            "image": "ubuntu-16-04-x64",
                            "ipv4_address": "68.183.180.74",
                            "ipv4_address_private": "",
                            "ipv6": "false",
                            "ipv6_address": "",
                            "ipv6_address_private": "",
                            "locked": "false",
                            "memory": "2048",
                            "monitoring": "false",
                            "name": "PR-BLOG-MANAGER-1",
                            "price_hourly": "0.01488",
                            "price_monthly": "10",
                            "private_networking": "false",
                            "region": "sgp1",
                            "resize_disk": "true",
                            "size": "s-1vcpu-2gb",
                            "ssh_keys.#": "1",
                            "ssh_keys.1015216695": "3f:ee:db:48:b5:70:72:23:b4:23:8b:b3:ec:72:c0:fc",
                            "status": "active",
                            "tags.#": "0",
                            "vcpus": "1",
                            "volume_ids.#": "0"
                        },
                        "meta": {
                            "schema_version": "1"
                        },
                        "tainted": false
                    },
                    "deposed": [],
                    "provider": "provider.digitalocean"
                },
                "digitalocean_droplet.workers": {
                    "type": "digitalocean_droplet",
                    "depends_on": [
                        "digitalocean_droplet.managers",
                        "digitalocean_ssh_key.ssh"
                    ],
                    "primary": {
                        "id": "130879961",
                        "attributes": {
                            "backups": "false",
                            "disk": "25",
                            "id": "130879961",
                            "image": "ubuntu-16-04-x64",
                            "ipv4_address": "68.183.178.91",
                            "ipv4_address_private": "",
                            "ipv6": "false",
                            "ipv6_address": "",
                            "ipv6_address_private": "",
                            "locked": "false",
                            "memory": "1024",
                            "monitoring": "false",
                            "name": "PR-BLOG-WORKER-1",
                            "price_hourly": "0.00744",
                            "price_monthly": "5",
                            "private_networking": "false",
                            "region": "sgp1",
                            "resize_disk": "true",
                            "size": "s-1vcpu-1gb",
                            "ssh_keys.#": "1",
                            "ssh_keys.1015216695": "3f:ee:db:48:b5:70:72:23:b4:23:8b:b3:ec:72:c0:fc",
                            "status": "active",
                            "tags.#": "0",
                            "vcpus": "1",
                            "volume_ids.#": "0"
                        },
                        "meta": {
                            "schema_version": "1"
                        },
                        "tainted": false
                    },
                    "deposed": [],
                    "provider": "provider.digitalocean"
                },
                "digitalocean_ssh_key.ssh": {
                    "type": "digitalocean_ssh_key",
                    "depends_on": [],
                    "primary": {
                        "id": "23963589",
                        "attributes": {
                            "fingerprint": "3f:ee:db:48:b5:70:72:23:b4:23:8b:b3:ec:72:c0:fc",
                            "id": "23963589",
                            "name": "Blog",
                            "public_key": "ssh-rsa AAAAB3NzaC1yc2EAAAADAQABAAABAQDd0ov1UE3lblpd6F97Xwd9GvqVrmlHhx3onxadoNMKy62hZanYAhW52pe5hSYGaXWG+1augQlU7y9MtJ1pzPrk733ZT26lUfkj2vEsPFndSrBcOAN2gl7qkqy2kHwQcyUrS5en0MLyVGfCvmmWl/OUeN1UCgPxeHi5LBD+6/H70nZNre3fXACrdUlyzJ3MTGwmpw8Ep/ls87Xqa1GCwvYo6MPrITUICph6LwdD8jc4imUaJ8hCZcvYv0kgxNsMuiEGCHT8IILq9E9Hd/GSScm+s4yEmxK6xQJH+UbajL0/vizjVzEh3XooL6zV8tDk2GEMh6Vt1Lj1bdLeQk/hfxoj linux1-user@DEV-LTP-158"
                        },
                        "meta": {},
                        "tainted": false
                    },
                    "deposed": [],
                    "provider": "provider.digitalocean"
                },
                "null_resource.cmd": {
                    "type": "null_resource",
                    "depends_on": [
                        "data.template_file.blog_state",
                        "data.template_file.inventory"
                    ],
                    "primary": {
                        "id": "4706503435463873125",
                        "attributes": {
                            "id": "4706503435463873125",
                            "triggers.%": "1",
                            "triggers.template_rendered": "[managers]\r\n68.183.180.74\r\n\r\n[workers]\r\n68.183.178.91"
                        },
                        "meta": {},
                        "tainted": false
                    },
                    "deposed": [],
                    "provider": "provider.null"
                }
            },
            "depends_on": []
        }
    ]
}
