{
    "version": 3,
    "terraform_version": "0.11.11",
    "serial": 3,
    "lineage": "7e32bb96-5636-25ab-6d71-0157e42ace0c",
    "modules": [
        {
            "path": [
                "root"
            ],
            "outputs": {
                "Swarm Manager IPs": {
                    "sensitive": false,
                    "type": "list",
                    "value": [
                        "167.99.69.197"
                    ]
                },
                "Swarm Worker IPs": {
                    "sensitive": false,
                    "type": "list",
                    "value": [
                        "206.189.89.100"
                    ]
                }
            },
            "resources": {
                "data.template_file.blog_state": {
                    "type": "template_file",
                    "depends_on": [
                        "digitalocean_droplet.managers",
                        "digitalocean_droplet.managers.*",
                        "digitalocean_droplet.workers",
                        "digitalocean_droplet.workers.*"
                    ],
                    "primary": {
                        "id": "55f4647df07148a717719abb76de0ba5921d1182c002a79a67d62fd7be32ec5c",
                        "attributes": {
                            "id": "55f4647df07148a717719abb76de0ba5921d1182c002a79a67d62fd7be32ec5c",
                            "rendered": "{\r\n    \"managers\": [\"167.99.69.197\"],\r\n    \"workers\": [\"206.189.89.100\"]\r\n}",
                            "template": "{\r\n    \"managers\": [${managers}],\r\n    \"workers\": [${workers}]\r\n}",
                            "vars.%": "2",
                            "vars.managers": "\"167.99.69.197\"",
                            "vars.workers": "\"206.189.89.100\""
                        },
                        "meta": {},
                        "tainted": false
                    },
                    "deposed": [],
                    "provider": "provider.template"
                },
                "data.template_file.inventory": {
                    "type": "template_file",
                    "depends_on": [
                        "digitalocean_droplet.managers",
                        "digitalocean_droplet.managers.*",
                        "digitalocean_droplet.workers",
                        "digitalocean_droplet.workers.*"
                    ],
                    "primary": {
                        "id": "43d1eaf3ec69a956d7ae0a41b194e06d62da639b4899ae5fb011f74aa1140ea6",
                        "attributes": {
                            "id": "43d1eaf3ec69a956d7ae0a41b194e06d62da639b4899ae5fb011f74aa1140ea6",
                            "rendered": "[managers]\r\n167.99.69.197\r\n\r\n[workers]\r\n206.189.89.100",
                            "template": "[managers]\r\n${managers}\r\n\r\n[workers]\r\n${workers}",
                            "vars.%": "2",
                            "vars.managers": "167.99.69.197",
                            "vars.workers": "206.189.89.100"
                        },
                        "meta": {},
                        "tainted": false
                    },
                    "deposed": [],
                    "provider": "provider.template"
                },
                "digitalocean_droplet.managers": {
                    "type": "digitalocean_droplet",
                    "depends_on": [
                        "digitalocean_ssh_key.ssh"
                    ],
                    "primary": {
                        "id": "130922934",
                        "attributes": {
                            "backups": "false",
                            "disk": "50",
                            "id": "130922934",
                            "image": "ubuntu-16-04-x64",
                            "ipv4_address": "167.99.69.197",
                            "ipv4_address_private": "",
                            "ipv6": "false",
                            "ipv6_address": "",
                            "ipv6_address_private": "",
                            "locked": "false",
                            "memory": "2048",
                            "monitoring": "false",
                            "name": "PR-BLOG-MANAGER-1",
                            "price_hourly": "0.01488",
                            "price_monthly": "10",
                            "private_networking": "false",
                            "region": "sgp1",
                            "resize_disk": "true",
                            "size": "s-1vcpu-2gb",
                            "ssh_keys.#": "1",
                            "ssh_keys.1015216695": "3f:ee:db:48:b5:70:72:23:b4:23:8b:b3:ec:72:c0:fc",
                            "status": "active",
                            "tags.#": "0",
                            "vcpus": "1",
                            "volume_ids.#": "0"
                        },
                        "meta": {
                            "schema_version": "1"
                        },
                        "tainted": false
                    },
                    "deposed": [],
                    "provider": "provider.digitalocean"
                },
                "digitalocean_droplet.workers": {
                    "type": "digitalocean_droplet",
                    "depends_on": [
                        "digitalocean_droplet.managers",
                        "digitalocean_ssh_key.ssh"
                    ],
                    "primary": {
                        "id": "130923114",
                        "attributes": {
                            "backups": "false",
                            "disk": "25",
                            "id": "130923114",
                            "image": "ubuntu-16-04-x64",
                            "ipv4_address": "206.189.89.100",
                            "ipv4_address_private": "",
                            "ipv6": "false",
                            "ipv6_address": "",
                            "ipv6_address_private": "",
                            "locked": "false",
                            "memory": "1024",
                            "monitoring": "false",
                            "name": "PR-BLOG-WORKER-1",
                            "price_hourly": "0.00744",
                            "price_monthly": "5",
                            "private_networking": "false",
                            "region": "sgp1",
                            "resize_disk": "true",
                            "size": "s-1vcpu-1gb",
                            "ssh_keys.#": "1",
                            "ssh_keys.1015216695": "3f:ee:db:48:b5:70:72:23:b4:23:8b:b3:ec:72:c0:fc",
                            "status": "active",
                            "tags.#": "0",
                            "vcpus": "1",
                            "volume_ids.#": "0"
                        },
                        "meta": {
                            "schema_version": "1"
                        },
                        "tainted": false
                    },
                    "deposed": [],
                    "provider": "provider.digitalocean"
                },
                "digitalocean_ssh_key.ssh": {
                    "type": "digitalocean_ssh_key",
                    "depends_on": [],
                    "primary": {
                        "id": "23966099",
                        "attributes": {
                            "fingerprint": "3f:ee:db:48:b5:70:72:23:b4:23:8b:b3:ec:72:c0:fc",
                            "id": "23966099",
                            "name": "Blog",
                            "public_key": "ssh-rsa AAAAB3NzaC1yc2EAAAADAQABAAABAQDd0ov1UE3lblpd6F97Xwd9GvqVrmlHhx3onxadoNMKy62hZanYAhW52pe5hSYGaXWG+1augQlU7y9MtJ1pzPrk733ZT26lUfkj2vEsPFndSrBcOAN2gl7qkqy2kHwQcyUrS5en0MLyVGfCvmmWl/OUeN1UCgPxeHi5LBD+6/H70nZNre3fXACrdUlyzJ3MTGwmpw8Ep/ls87Xqa1GCwvYo6MPrITUICph6LwdD8jc4imUaJ8hCZcvYv0kgxNsMuiEGCHT8IILq9E9Hd/GSScm+s4yEmxK6xQJH+UbajL0/vizjVzEh3XooL6zV8tDk2GEMh6Vt1Lj1bdLeQk/hfxoj linux1-user@DEV-LTP-158"
                        },
                        "meta": {},
                        "tainted": false
                    },
                    "deposed": [],
                    "provider": "provider.digitalocean"
                },
                "null_resource.cmd": {
                    "type": "null_resource",
                    "depends_on": [
                        "data.template_file.blog_state",
                        "data.template_file.inventory"
                    ],
                    "primary": {
                        "id": "4595908797764677357",
                        "attributes": {
                            "id": "4595908797764677357",
                            "triggers.%": "1",
                            "triggers.template_rendered": "[managers]\r\n167.99.69.197\r\n\r\n[workers]\r\n206.189.89.100"
                        },
                        "meta": {},
                        "tainted": false
                    },
                    "deposed": [],
                    "provider": "provider.null"
                }
            },
            "depends_on": []
        }
    ]
}
